Microsoft Visual Studio Solution File, Format Version 12.00
# Visual Studio Version 17
VisualStudioVersion = 17.8.34330.188
MinimumVisualStudioVersion = 10.0.40219.1
Project("{9A19103F-16F7-4668-BE54-9A1E7A4F7556}") = "DropoutCoder.PolylineAlgorithm", "src\DropoutCoder.PolylineAlgorithm\DropoutCoder.PolylineAlgorithm.csproj", "{882322A6-E758-4662-8D1C-7C555C8FC3F2}"
EndProject
Project("{2150E333-8FDC-42A3-9474-1A3956D46DE8}") = "src", "src", "{51C886AF-D610-48A4-9D73-2DEB38742801}"
EndProject
Project("{2150E333-8FDC-42A3-9474-1A3956D46DE8}") = "tests", "tests", "{576FEFFC-B624-40C3-A8AF-4E5233802EA0}"
EndProject
Project("{2150E333-8FDC-42A3-9474-1A3956D46DE8}") = "nuget", "nuget", "{7F9807A1-01FF-40C3-9342-3F3F35D632DA}"
	ProjectSection(SolutionItems) = preProject
		nuget\DropoutCoder.PolylineAlgorithm.nuspec = nuget\DropoutCoder.PolylineAlgorithm.nuspec
	EndProjectSection
EndProject
Project("{9A19103F-16F7-4668-BE54-9A1E7A4F7556}") = "DropoutCoder.PolylineAlgorithm.Tests", "tests\DropoutCoder.PolylineAlgorithm.Tests\DropoutCoder.PolylineAlgorithm.Tests.csproj", "{30324A08-AA42-425D-87DA-8F9C6AF60454}"
EndProject
Project("{2150E333-8FDC-42A3-9474-1A3956D46DE8}") = "docs", "docs", "{C13E31F9-B8EF-4915-A1C8-BC33F6431EB9}"
EndProject
Project("{2150E333-8FDC-42A3-9474-1A3956D46DE8}") = "benchmarks", "benchmarks", "{33C03F16-4313-4579-87E6-65892AF21D7D}"
EndProject
Project("{9A19103F-16F7-4668-BE54-9A1E7A4F7556}") = "DropoutCoder.PolylineAlgorithm.Benchmarks", "benchmarks\DropoutCoder.PolylineAlgorithm.Benchmarks\DropoutCoder.PolylineAlgorithm.Benchmarks.csproj", "{9C7CBAD5-415B-4589-86E1-01C849F9C56C}"
EndProject
Project("{9A19103F-16F7-4668-BE54-9A1E7A4F7556}") = "DropoutCoder.PolylineAlgorithm.Implementation.Benchmarks", "benchmarks\DropoutCoder.PolylineAlgorithm.Implementation.Benchmarks\DropoutCoder.PolylineAlgorithm.Implementation.Benchmarks.csproj", "{D9F175EA-6F4C-4BFF-AB1D-5F45324B6C1B}"
EndProject
Project("{9A19103F-16F7-4668-BE54-9A1E7A4F7556}") = "DropoutCoder.PolylineAlgorithm.DependencyInjection", "src\DropoutCoder.PolylineAlgorithm.DependencyInjection\DropoutCoder.PolylineAlgorithm.DependencyInjection.csproj", "{0F07B56B-6D9A-4410-BCAB-C6A460C1E44E}"
EndProject
Project("{FAE04EC0-301F-11D3-BF4B-00C04F79EFBC}") = "DropoutCoder.PolylineAlgorithm.DependencyInjection.Tests", "tests\DropoutCoder.PolylineAlgorithm.DependencyInjection.Tests\DropoutCoder.PolylineAlgorithm.DependencyInjection.Tests.csproj", "{9DC1BAD9-60DD-414D-BE88-E181D887A267}"
EndProject
Global
	GlobalSection(SolutionConfigurationPlatforms) = preSolution
		Debug|Any CPU = Debug|Any CPU
		Release|Any CPU = Release|Any CPU
	EndGlobalSection
	GlobalSection(ProjectConfigurationPlatforms) = postSolution
		{882322A6-E758-4662-8D1C-7C555C8FC3F2}.Debug|Any CPU.ActiveCfg = Debug|Any CPU
		{882322A6-E758-4662-8D1C-7C555C8FC3F2}.Debug|Any CPU.Build.0 = Debug|Any CPU
		{882322A6-E758-4662-8D1C-7C555C8FC3F2}.Release|Any CPU.ActiveCfg = Release|Any CPU
		{882322A6-E758-4662-8D1C-7C555C8FC3F2}.Release|Any CPU.Build.0 = Release|Any CPU
		{30324A08-AA42-425D-87DA-8F9C6AF60454}.Debug|Any CPU.ActiveCfg = Debug|Any CPU
		{30324A08-AA42-425D-87DA-8F9C6AF60454}.Debug|Any CPU.Build.0 = Debug|Any CPU
		{30324A08-AA42-425D-87DA-8F9C6AF60454}.Release|Any CPU.ActiveCfg = Release|Any CPU
		{30324A08-AA42-425D-87DA-8F9C6AF60454}.Release|Any CPU.Build.0 = Release|Any CPU
		{9C7CBAD5-415B-4589-86E1-01C849F9C56C}.Debug|Any CPU.ActiveCfg = Debug|Any CPU
		{9C7CBAD5-415B-4589-86E1-01C849F9C56C}.Debug|Any CPU.Build.0 = Debug|Any CPU
		{9C7CBAD5-415B-4589-86E1-01C849F9C56C}.Release|Any CPU.ActiveCfg = Release|Any CPU
		{9C7CBAD5-415B-4589-86E1-01C849F9C56C}.Release|Any CPU.Build.0 = Release|Any CPU
		{D9F175EA-6F4C-4BFF-AB1D-5F45324B6C1B}.Debug|Any CPU.ActiveCfg = Debug|Any CPU
		{D9F175EA-6F4C-4BFF-AB1D-5F45324B6C1B}.Debug|Any CPU.Build.0 = Debug|Any CPU
		{D9F175EA-6F4C-4BFF-AB1D-5F45324B6C1B}.Release|Any CPU.ActiveCfg = Release|Any CPU
		{D9F175EA-6F4C-4BFF-AB1D-5F45324B6C1B}.Release|Any CPU.Build.0 = Release|Any CPU
		{0F07B56B-6D9A-4410-BCAB-C6A460C1E44E}.Debug|Any CPU.ActiveCfg = Debug|Any CPU
		{0F07B56B-6D9A-4410-BCAB-C6A460C1E44E}.Debug|Any CPU.Build.0 = Debug|Any CPU
		{0F07B56B-6D9A-4410-BCAB-C6A460C1E44E}.Release|Any CPU.ActiveCfg = Release|Any CPU
		{0F07B56B-6D9A-4410-BCAB-C6A460C1E44E}.Release|Any CPU.Build.0 = Release|Any CPU
		{9DC1BAD9-60DD-414D-BE88-E181D887A267}.Debug|Any CPU.ActiveCfg = Debug|Any CPU
		{9DC1BAD9-60DD-414D-BE88-E181D887A267}.Debug|Any CPU.Build.0 = Debug|Any CPU
		{9DC1BAD9-60DD-414D-BE88-E181D887A267}.Release|Any CPU.ActiveCfg = Release|Any CPU
		{9DC1BAD9-60DD-414D-BE88-E181D887A267}.Release|Any CPU.Build.0 = Release|Any CPU
	EndGlobalSection
	GlobalSection(SolutionProperties) = preSolution
		HideSolutionNode = FALSE
	EndGlobalSection
	GlobalSection(NestedProjects) = preSolution
		{882322A6-E758-4662-8D1C-7C555C8FC3F2} = {51C886AF-D610-48A4-9D73-2DEB38742801}
		{30324A08-AA42-425D-87DA-8F9C6AF60454} = {576FEFFC-B624-40C3-A8AF-4E5233802EA0}
		{9C7CBAD5-415B-4589-86E1-01C849F9C56C} = {33C03F16-4313-4579-87E6-65892AF21D7D}
		{D9F175EA-6F4C-4BFF-AB1D-5F45324B6C1B} = {33C03F16-4313-4579-87E6-65892AF21D7D}
		{0F07B56B-6D9A-4410-BCAB-C6A460C1E44E} = {51C886AF-D610-48A4-9D73-2DEB38742801}
		{9DC1BAD9-60DD-414D-BE88-E181D887A267} = {576FEFFC-B624-40C3-A8AF-4E5233802EA0}
	EndGlobalSection
	GlobalSection(ExtensibilityGlobals) = postSolution
		SolutionGuid = {93A268DC-0947-4FBB-B495-DDAD4B013D82}
	EndGlobalSection
EndGlobal
