
Microsoft Visual Studio Solution File, Format Version 12.00
# Visual Studio 15
VisualStudioVersion = 15.0.27130.2010
MinimumVisualStudioVersion = 10.0.40219.1
Project("{9A19103F-16F7-4668-BE54-9A1E7A4F7556}") = "Cloudikka.PolylineAlgorithm", "Cloudikka.PolylineAlgorithm\Cloudikka.PolylineAlgorithm.csproj", "{882322A6-E758-4662-8D1C-7C555C8FC3F2}"
EndProject
Project("{2150E333-8FDC-42A3-9474-1A3956D46DE8}") = "src", "src", "{51C886AF-D610-48A4-9D73-2DEB38742801}"
EndProject
Project("{2150E333-8FDC-42A3-9474-1A3956D46DE8}") = "tests", "tests", "{576FEFFC-B624-40C3-A8AF-4E5233802EA0}"
EndProject
Project("{9A19103F-16F7-4668-BE54-9A1E7A4F7556}") = "Cloudikka.PolylineAlgorithm.Tests", "..\..\tests\Cloudikka.PolylineAlgorithm.Tests\Cloudikka.PolylineAlgorithm.Tests.csproj", "{5BA2C4BF-B107-456B-9463-7F1CD58ACC84}"
EndProject
Project("{2150E333-8FDC-42A3-9474-1A3956D46DE8}") = "nuget", "nuget", "{7F9807A1-01FF-40C3-9342-3F3F35D632DA}"
	ProjectSection(SolutionItems) = preProject
		..\..\nuget\Cloudikka.PolylineAlgorithm.nuspec = ..\..\nuget\Cloudikka.PolylineAlgorithm.nuspec
	EndProjectSection
EndProject
Global
	GlobalSection(SolutionConfigurationPlatforms) = preSolution
		Debug|Any CPU = Debug|Any CPU
		Release|Any CPU = Release|Any CPU
	EndGlobalSection
	GlobalSection(ProjectConfigurationPlatforms) = postSolution
		{882322A6-E758-4662-8D1C-7C555C8FC3F2}.Debug|Any CPU.ActiveCfg = Debug|Any CPU
		{882322A6-E758-4662-8D1C-7C555C8FC3F2}.Debug|Any CPU.Build.0 = Debug|Any CPU
		{882322A6-E758-4662-8D1C-7C555C8FC3F2}.Release|Any CPU.ActiveCfg = Release|Any CPU
		{882322A6-E758-4662-8D1C-7C555C8FC3F2}.Release|Any CPU.Build.0 = Release|Any CPU
		{5BA2C4BF-B107-456B-9463-7F1CD58ACC84}.Debug|Any CPU.ActiveCfg = Debug|Any CPU
		{5BA2C4BF-B107-456B-9463-7F1CD58ACC84}.Debug|Any CPU.Build.0 = Debug|Any CPU
		{5BA2C4BF-B107-456B-9463-7F1CD58ACC84}.Release|Any CPU.ActiveCfg = Release|Any CPU
		{5BA2C4BF-B107-456B-9463-7F1CD58ACC84}.Release|Any CPU.Build.0 = Release|Any CPU
	EndGlobalSection
	GlobalSection(SolutionProperties) = preSolution
		HideSolutionNode = FALSE
	EndGlobalSection
	GlobalSection(NestedProjects) = preSolution
		{882322A6-E758-4662-8D1C-7C555C8FC3F2} = {51C886AF-D610-48A4-9D73-2DEB38742801}
		{5BA2C4BF-B107-456B-9463-7F1CD58ACC84} = {576FEFFC-B624-40C3-A8AF-4E5233802EA0}
	EndGlobalSection
	GlobalSection(ExtensibilityGlobals) = postSolution
		SolutionGuid = {93A268DC-0947-4FBB-B495-DDAD4B013D82}
	EndGlobalSection
EndGlobal
